
Microsoft Visual Studio Solution File, Format Version 12.00
# Visual Studio 15
VisualStudioVersion = 15.0.28307.136
MinimumVisualStudioVersion = 10.0.40219.1
Project("{FAE04EC0-301F-11D3-BF4B-00C04F79EFBC}") = "CookWeb", "CookWeb\CookWeb.csproj", "{B7521263-15CA-454A-8036-1C1AB1157949}"
EndProject
Global
	GlobalSection(SolutionConfigurationPlatforms) = preSolution
		Debug|Any CPU = Debug|Any CPU
		Release|Any CPU = Release|Any CPU
	EndGlobalSection
	GlobalSection(ProjectConfigurationPlatforms) = postSolution
		{B7521263-15CA-454A-8036-1C1AB1157949}.Debug|Any CPU.ActiveCfg = Debug|Any CPU
		{B7521263-15CA-454A-8036-1C1AB1157949}.Debug|Any CPU.Build.0 = Debug|Any CPU
		{B7521263-15CA-454A-8036-1C1AB1157949}.Release|Any CPU.ActiveCfg = Release|Any CPU
		{B7521263-15CA-454A-8036-1C1AB1157949}.Release|Any CPU.Build.0 = Release|Any CPU
	EndGlobalSection
	GlobalSection(SolutionProperties) = preSolution
		HideSolutionNode = FALSE
	EndGlobalSection
	GlobalSection(ExtensibilityGlobals) = postSolution
		SolutionGuid = {51AA2AB6-FB0D-463C-B669-6F048DD8D195}
	EndGlobalSection
EndGlobal
